
Microsoft Visual Studio Solution File, Format Version 12.00
# Visual Studio 15
VisualStudioVersion = 15.0.28307.705
MinimumVisualStudioVersion = 10.0.40219.1
Project("{8BC9CEB8-8B4A-11D0-8D11-00A0C91BC942}") = "WSS", "WSS\WSS.vcxproj", "{0FA3B692-8F3E-447A-A117-A9864D9B5240}"
EndProject
Project("{8BC9CEB8-8B4A-11D0-8D11-00A0C91BC942}") = "NetworkWSS", "NetworkWSS\NetworkWSS.vcxproj", "{C4016C1C-24E9-4987-9CC6-6FF2EC8B2622}"
EndProject
Project("{8BC9CEB8-8B4A-11D0-8D11-00A0C91BC942}") = "NetworkTest", "NetworkTest\NetworkTest.vcxproj", "{05194704-E9A2-4F5F-AD86-C55F096C8CFF}"
	ProjectSection(ProjectDependencies) = postProject
		{C4016C1C-24E9-4987-9CC6-6FF2EC8B2622} = {C4016C1C-24E9-4987-9CC6-6FF2EC8B2622}
	EndProjectSection
EndProject
Project("{8BC9CEB8-8B4A-11D0-8D11-00A0C91BC942}") = "MediaContainer", "MediaContainer\MediaContainer.vcxproj", "{069634C1-88AA-4CA0-897E-C27BB468554E}"
EndProject
Project("{8BC9CEB8-8B4A-11D0-8D11-00A0C91BC942}") = "RTSP", "RTSP\RTSP.vcxproj", "{4F5418E2-B6E7-4942-AD32-BC10B4B0FF74}"
EndProject
Global
	GlobalSection(SolutionConfigurationPlatforms) = preSolution
		Debug|x64 = Debug|x64
		Debug|x86 = Debug|x86
		Release|x64 = Release|x64
		Release|x86 = Release|x86
	EndGlobalSection
	GlobalSection(ProjectConfigurationPlatforms) = postSolution
		{0FA3B692-8F3E-447A-A117-A9864D9B5240}.Debug|x64.ActiveCfg = Debug|x64
		{0FA3B692-8F3E-447A-A117-A9864D9B5240}.Debug|x64.Build.0 = Debug|x64
		{0FA3B692-8F3E-447A-A117-A9864D9B5240}.Debug|x86.ActiveCfg = Debug|Win32
		{0FA3B692-8F3E-447A-A117-A9864D9B5240}.Debug|x86.Build.0 = Debug|Win32
		{0FA3B692-8F3E-447A-A117-A9864D9B5240}.Release|x64.ActiveCfg = Release|x64
		{0FA3B692-8F3E-447A-A117-A9864D9B5240}.Release|x64.Build.0 = Release|x64
		{0FA3B692-8F3E-447A-A117-A9864D9B5240}.Release|x86.ActiveCfg = Release|Win32
		{0FA3B692-8F3E-447A-A117-A9864D9B5240}.Release|x86.Build.0 = Release|Win32
		{C4016C1C-24E9-4987-9CC6-6FF2EC8B2622}.Debug|x64.ActiveCfg = Debug|x64
		{C4016C1C-24E9-4987-9CC6-6FF2EC8B2622}.Debug|x64.Build.0 = Debug|x64
		{C4016C1C-24E9-4987-9CC6-6FF2EC8B2622}.Debug|x86.ActiveCfg = Debug|Win32
		{C4016C1C-24E9-4987-9CC6-6FF2EC8B2622}.Debug|x86.Build.0 = Debug|Win32
		{C4016C1C-24E9-4987-9CC6-6FF2EC8B2622}.Release|x64.ActiveCfg = Release|x64
		{C4016C1C-24E9-4987-9CC6-6FF2EC8B2622}.Release|x64.Build.0 = Release|x64
		{C4016C1C-24E9-4987-9CC6-6FF2EC8B2622}.Release|x86.ActiveCfg = Release|Win32
		{C4016C1C-24E9-4987-9CC6-6FF2EC8B2622}.Release|x86.Build.0 = Release|Win32
		{05194704-E9A2-4F5F-AD86-C55F096C8CFF}.Debug|x64.ActiveCfg = Debug|x64
		{05194704-E9A2-4F5F-AD86-C55F096C8CFF}.Debug|x64.Build.0 = Debug|x64
		{05194704-E9A2-4F5F-AD86-C55F096C8CFF}.Debug|x86.ActiveCfg = Debug|Win32
		{05194704-E9A2-4F5F-AD86-C55F096C8CFF}.Debug|x86.Build.0 = Debug|Win32
		{05194704-E9A2-4F5F-AD86-C55F096C8CFF}.Release|x64.ActiveCfg = Release|x64
		{05194704-E9A2-4F5F-AD86-C55F096C8CFF}.Release|x64.Build.0 = Release|x64
		{05194704-E9A2-4F5F-AD86-C55F096C8CFF}.Release|x86.ActiveCfg = Release|Win32
		{05194704-E9A2-4F5F-AD86-C55F096C8CFF}.Release|x86.Build.0 = Release|Win32
		{069634C1-88AA-4CA0-897E-C27BB468554E}.Debug|x64.ActiveCfg = Debug|x64
		{069634C1-88AA-4CA0-897E-C27BB468554E}.Debug|x64.Build.0 = Debug|x64
		{069634C1-88AA-4CA0-897E-C27BB468554E}.Debug|x86.ActiveCfg = Debug|Win32
		{069634C1-88AA-4CA0-897E-C27BB468554E}.Debug|x86.Build.0 = Debug|Win32
		{069634C1-88AA-4CA0-897E-C27BB468554E}.Release|x64.ActiveCfg = Release|x64
		{069634C1-88AA-4CA0-897E-C27BB468554E}.Release|x64.Build.0 = Release|x64
		{069634C1-88AA-4CA0-897E-C27BB468554E}.Release|x86.ActiveCfg = Release|Win32
		{069634C1-88AA-4CA0-897E-C27BB468554E}.Release|x86.Build.0 = Release|Win32
		{4F5418E2-B6E7-4942-AD32-BC10B4B0FF74}.Debug|x64.ActiveCfg = Debug|x64
		{4F5418E2-B6E7-4942-AD32-BC10B4B0FF74}.Debug|x64.Build.0 = Debug|x64
		{4F5418E2-B6E7-4942-AD32-BC10B4B0FF74}.Debug|x86.ActiveCfg = Debug|Win32
		{4F5418E2-B6E7-4942-AD32-BC10B4B0FF74}.Debug|x86.Build.0 = Debug|Win32
		{4F5418E2-B6E7-4942-AD32-BC10B4B0FF74}.Release|x64.ActiveCfg = Release|x64
		{4F5418E2-B6E7-4942-AD32-BC10B4B0FF74}.Release|x64.Build.0 = Release|x64
		{4F5418E2-B6E7-4942-AD32-BC10B4B0FF74}.Release|x86.ActiveCfg = Release|Win32
		{4F5418E2-B6E7-4942-AD32-BC10B4B0FF74}.Release|x86.Build.0 = Release|Win32
	EndGlobalSection
	GlobalSection(SolutionProperties) = preSolution
		HideSolutionNode = FALSE
	EndGlobalSection
	GlobalSection(ExtensibilityGlobals) = postSolution
		SolutionGuid = {4F5FA31E-3AA7-45B6-B7B4-DE09197C7371}
	EndGlobalSection
EndGlobal
